# This example manifest is auto-generated, and has not been tested.
# Please make the necessary adjustments before using it.
#apiVersion: authorization.azure.jet.crossplane.io/v1alpha1
#kind: ManagementLock
#metadata:
#  name: example
#spec:
#  forProvider:
#    lockLevel: CanNotDelete
#    name: subscription-level
#    notes: Items can't be deleted in this subscription!
#    scope: ${data.azurerm_subscription.current.id}
#  providerConfigRef:
#    name: example